
Microsoft Visual Studio Solution File, Format Version 12.00
# Visual Studio Version 17
VisualStudioVersion = 17.5.33502.453
MinimumVisualStudioVersion = 10.0.40219.1
Project("{FAE04EC0-301F-11D3-BF4B-00C04F79EFBC}") = "TransactionOptin-OptoutAPI", "TransactionOptin-OptoutAPI\TransactionOptin-OptoutAPI.csproj", "{3D0BFFBC-1EA8-49D0-8A3B-24C1066FE794}"
EndProject
Global
	GlobalSection(SolutionConfigurationPlatforms) = preSolution
		Debug|Any CPU = Debug|Any CPU
		Release|Any CPU = Release|Any CPU
	EndGlobalSection
	GlobalSection(ProjectConfigurationPlatforms) = postSolution
		{3D0BFFBC-1EA8-49D0-8A3B-24C1066FE794}.Debug|Any CPU.ActiveCfg = Debug|Any CPU
		{3D0BFFBC-1EA8-49D0-8A3B-24C1066FE794}.Debug|Any CPU.Build.0 = Debug|Any CPU
		{3D0BFFBC-1EA8-49D0-8A3B-24C1066FE794}.Release|Any CPU.ActiveCfg = Release|Any CPU
		{3D0BFFBC-1EA8-49D0-8A3B-24C1066FE794}.Release|Any CPU.Build.0 = Release|Any CPU
	EndGlobalSection
	GlobalSection(SolutionProperties) = preSolution
		HideSolutionNode = FALSE
	EndGlobalSection
	GlobalSection(ExtensibilityGlobals) = postSolution
		SolutionGuid = {11C53727-40F5-4914-B626-846A0F5D5C25}
	EndGlobalSection
EndGlobal
